
Microsoft Visual Studio Solution File, Format Version 12.00
# Visual Studio 15
VisualStudioVersion = 15.0.26730.12
MinimumVisualStudioVersion = 10.0.40219.1
Project("{8BC9CEB8-8B4A-11D0-8D11-00A0C91BC942}") = "CompStructs", "CompStructs\CompStructs.vcxproj", "{8C9AC28D-3C9E-4747-B5E4-357974ABC13D}"
EndProject
Project("{8BC9CEB8-8B4A-11D0-8D11-00A0C91BC942}") = "Tests", "Tests\Tests.vcxproj", "{ABCEA8AE-FB41-43FA-9F26-CC28624AE07F}"
EndProject
Project("{8BC9CEB8-8B4A-11D0-8D11-00A0C91BC942}") = "CompStructs_Matrix", "CompStructs_Matrix\CompStructs_Matrix.vcxproj", "{7F43409D-2B6B-45A8-BCC2-2C82468ACE77}"
EndProject
Global
	GlobalSection(SolutionConfigurationPlatforms) = preSolution
		Debug|x64 = Debug|x64
		Debug|x86 = Debug|x86
		Release|x64 = Release|x64
		Release|x86 = Release|x86
	EndGlobalSection
	GlobalSection(ProjectConfigurationPlatforms) = postSolution
		{8C9AC28D-3C9E-4747-B5E4-357974ABC13D}.Debug|x64.ActiveCfg = Debug|x64
		{8C9AC28D-3C9E-4747-B5E4-357974ABC13D}.Debug|x64.Build.0 = Debug|x64
		{8C9AC28D-3C9E-4747-B5E4-357974ABC13D}.Debug|x86.ActiveCfg = Debug|Win32
		{8C9AC28D-3C9E-4747-B5E4-357974ABC13D}.Debug|x86.Build.0 = Debug|Win32
		{8C9AC28D-3C9E-4747-B5E4-357974ABC13D}.Release|x64.ActiveCfg = Release|x64
		{8C9AC28D-3C9E-4747-B5E4-357974ABC13D}.Release|x64.Build.0 = Release|x64
		{8C9AC28D-3C9E-4747-B5E4-357974ABC13D}.Release|x86.ActiveCfg = Release|Win32
		{8C9AC28D-3C9E-4747-B5E4-357974ABC13D}.Release|x86.Build.0 = Release|Win32
		{ABCEA8AE-FB41-43FA-9F26-CC28624AE07F}.Debug|x64.ActiveCfg = Debug|x64
		{ABCEA8AE-FB41-43FA-9F26-CC28624AE07F}.Debug|x64.Build.0 = Debug|x64
		{ABCEA8AE-FB41-43FA-9F26-CC28624AE07F}.Debug|x86.ActiveCfg = Debug|Win32
		{ABCEA8AE-FB41-43FA-9F26-CC28624AE07F}.Debug|x86.Build.0 = Debug|Win32
		{ABCEA8AE-FB41-43FA-9F26-CC28624AE07F}.Release|x64.ActiveCfg = Release|x64
		{ABCEA8AE-FB41-43FA-9F26-CC28624AE07F}.Release|x64.Build.0 = Release|x64
		{ABCEA8AE-FB41-43FA-9F26-CC28624AE07F}.Release|x86.ActiveCfg = Release|Win32
		{ABCEA8AE-FB41-43FA-9F26-CC28624AE07F}.Release|x86.Build.0 = Release|Win32
		{7F43409D-2B6B-45A8-BCC2-2C82468ACE77}.Debug|x64.ActiveCfg = Debug|x64
		{7F43409D-2B6B-45A8-BCC2-2C82468ACE77}.Debug|x64.Build.0 = Debug|x64
		{7F43409D-2B6B-45A8-BCC2-2C82468ACE77}.Debug|x86.ActiveCfg = Debug|Win32
		{7F43409D-2B6B-45A8-BCC2-2C82468ACE77}.Debug|x86.Build.0 = Debug|Win32
		{7F43409D-2B6B-45A8-BCC2-2C82468ACE77}.Release|x64.ActiveCfg = Release|x64
		{7F43409D-2B6B-45A8-BCC2-2C82468ACE77}.Release|x64.Build.0 = Release|x64
		{7F43409D-2B6B-45A8-BCC2-2C82468ACE77}.Release|x86.ActiveCfg = Release|Win32
		{7F43409D-2B6B-45A8-BCC2-2C82468ACE77}.Release|x86.Build.0 = Release|Win32
	EndGlobalSection
	GlobalSection(SolutionProperties) = preSolution
		HideSolutionNode = FALSE
	EndGlobalSection
	GlobalSection(ExtensibilityGlobals) = postSolution
		SolutionGuid = {1F06E6FB-16C1-4231-9390-2C033F99D43D}
	EndGlobalSection
EndGlobal
